
Microsoft Visual Studio Solution File, Format Version 12.00
# Visual Studio Version 17
VisualStudioVersion = 17.11.35327.3
MinimumVisualStudioVersion = 10.0.40219.1
Project("{9A19103F-16F7-4668-BE54-9A1E7A4F7556}") = "User_Interface", "User_setup\User_Interface.csproj", "{9536393D-6DC1-472C-9458-73A253ED9514}"
EndProject
Project("{2150E333-8FDC-42A3-9474-1A3956D46DE8}") = "Data", "Data", "{F3A4BEF7-FA4A-4379-9C9A-DA89AC3EC51E}"
	ProjectSection(SolutionItems) = preProject
		config.json = config.json
	EndProjectSection
EndProject
Global
	GlobalSection(SolutionConfigurationPlatforms) = preSolution
		Debug|Any CPU = Debug|Any CPU
		Release|Any CPU = Release|Any CPU
	EndGlobalSection
	GlobalSection(ProjectConfigurationPlatforms) = postSolution
		{9536393D-6DC1-472C-9458-73A253ED9514}.Debug|Any CPU.ActiveCfg = Debug|Any CPU
		{9536393D-6DC1-472C-9458-73A253ED9514}.Debug|Any CPU.Build.0 = Debug|Any CPU
		{9536393D-6DC1-472C-9458-73A253ED9514}.Release|Any CPU.ActiveCfg = Release|Any CPU
		{9536393D-6DC1-472C-9458-73A253ED9514}.Release|Any CPU.Build.0 = Release|Any CPU
	EndGlobalSection
	GlobalSection(SolutionProperties) = preSolution
		HideSolutionNode = FALSE
	EndGlobalSection
	GlobalSection(ExtensibilityGlobals) = postSolution
		SolutionGuid = {A8750762-A542-49E0-8890-213EAB0466D9}
	EndGlobalSection
EndGlobal
